Microsoft Visual Studio Solution File, Format Version 12.00
# Visual Studio Version 17
VisualStudioVersion = 17.5.2.0
MinimumVisualStudioVersion = 10.0.40219.1
Project("{FAE04EC0-301F-11D3-BF4B-00C04F79EFBC}") = "WazeCredit", "WazeCredit\WazeCredit.csproj", "{2C04FECC-663A-D74F-FBA0-0C0AAB115923}"
EndProject
Global
	GlobalSection(SolutionConfigurationPlatforms) = preSolution
		Debug|Any CPU = Debug|Any CPU
		Release|Any CPU = Release|Any CPU
	EndGlobalSection
	GlobalSection(ProjectConfigurationPlatforms) = postSolution
		{2C04FECC-663A-D74F-FBA0-0C0AAB115923}.Debug|Any CPU.ActiveCfg = Debug|Any CPU
		{2C04FECC-663A-D74F-FBA0-0C0AAB115923}.Debug|Any CPU.Build.0 = Debug|Any CPU
		{2C04FECC-663A-D74F-FBA0-0C0AAB115923}.Release|Any CPU.ActiveCfg = Release|Any CPU
		{2C04FECC-663A-D74F-FBA0-0C0AAB115923}.Release|Any CPU.Build.0 = Release|Any CPU
	EndGlobalSection
	GlobalSection(SolutionProperties) = preSolution
		HideSolutionNode = FALSE
	EndGlobalSection
	GlobalSection(ExtensibilityGlobals) = postSolution
		SolutionGuid = {E90CAB28-5B4F-4B20-BDA1-4A3E5EF69775}
	EndGlobalSection
EndGlobal
